
Microsoft Visual Studio Solution File, Format Version 12.00
# Visual Studio 14
VisualStudioVersion = 14.0.23107.0
MinimumVisualStudioVersion = 10.0.40219.1
Project("{CC5FD16D-436D-48AD-A40C-5A424C6E3E79}") = "ImageSharingWithCloudServices", "ImageSharingWithCloudServices\ImageSharingWithCloudServices.ccproj", "{3D6FE132-0A4C-4002-841F-259B55250343}"
EndProject
Project("{FAE04EC0-301F-11D3-BF4B-00C04F79EFBC}") = "ImageSharingWebRole", "ImageSharingWebRole\ImageSharingWebRole.csproj", "{5ADC5BBE-8279-489C-A663-EB4BB6AFC5F6}"
EndProject
Project("{FAE04EC0-301F-11D3-BF4B-00C04F79EFBC}") = "ImageSharingWebRole.Tests", "ImageSharingWebRole.Tests\ImageSharingWebRole.Tests.csproj", "{CC55B8DA-C432-49AC-96ED-7485185576CF}"
EndProject
Project("{FAE04EC0-301F-11D3-BF4B-00C04F79EFBC}") = "ImageSharingWorkerRole", "ImageSharingWorkerRole\ImageSharingWorkerRole.csproj", "{359AA6D1-4B5A-4AA9-9C46-65D11803E3CE}"
EndProject
Global
	GlobalSection(SolutionConfigurationPlatforms) = preSolution
		Debug|Any CPU = Debug|Any CPU
		Release|Any CPU = Release|Any CPU
	EndGlobalSection
	GlobalSection(ProjectConfigurationPlatforms) = postSolution
		{3D6FE132-0A4C-4002-841F-259B55250343}.Debug|Any CPU.ActiveCfg = Debug|Any CPU
		{3D6FE132-0A4C-4002-841F-259B55250343}.Debug|Any CPU.Build.0 = Debug|Any CPU
		{3D6FE132-0A4C-4002-841F-259B55250343}.Release|Any CPU.ActiveCfg = Release|Any CPU
		{3D6FE132-0A4C-4002-841F-259B55250343}.Release|Any CPU.Build.0 = Release|Any CPU
		{5ADC5BBE-8279-489C-A663-EB4BB6AFC5F6}.Debug|Any CPU.ActiveCfg = Debug|Any CPU
		{5ADC5BBE-8279-489C-A663-EB4BB6AFC5F6}.Debug|Any CPU.Build.0 = Debug|Any CPU
		{5ADC5BBE-8279-489C-A663-EB4BB6AFC5F6}.Release|Any CPU.ActiveCfg = Release|Any CPU
		{5ADC5BBE-8279-489C-A663-EB4BB6AFC5F6}.Release|Any CPU.Build.0 = Release|Any CPU
		{CC55B8DA-C432-49AC-96ED-7485185576CF}.Debug|Any CPU.ActiveCfg = Debug|Any CPU
		{CC55B8DA-C432-49AC-96ED-7485185576CF}.Debug|Any CPU.Build.0 = Debug|Any CPU
		{CC55B8DA-C432-49AC-96ED-7485185576CF}.Release|Any CPU.ActiveCfg = Release|Any CPU
		{CC55B8DA-C432-49AC-96ED-7485185576CF}.Release|Any CPU.Build.0 = Release|Any CPU
		{359AA6D1-4B5A-4AA9-9C46-65D11803E3CE}.Debug|Any CPU.ActiveCfg = Debug|Any CPU
		{359AA6D1-4B5A-4AA9-9C46-65D11803E3CE}.Debug|Any CPU.Build.0 = Debug|Any CPU
		{359AA6D1-4B5A-4AA9-9C46-65D11803E3CE}.Release|Any CPU.ActiveCfg = Release|Any CPU
		{359AA6D1-4B5A-4AA9-9C46-65D11803E3CE}.Release|Any CPU.Build.0 = Release|Any CPU
	EndGlobalSection
	GlobalSection(SolutionProperties) = preSolution
		HideSolutionNode = FALSE
	EndGlobalSection
EndGlobal
